
Microsoft Visual Studio Solution File, Format Version 12.00
# Visual Studio Version 16
VisualStudioVersion = 16.0.31019.35
MinimumVisualStudioVersion = 10.0.40219.1
Project("{FAE04EC0-301F-11D3-BF4B-00C04F79EFBC}") = "JogoRpgBlue", "JogoRpgBlue\JogoRpgBlue.csproj", "{31EADAF9-A1F7-47FE-B77E-B10F22A37DAC}"
EndProject
Global
	GlobalSection(SolutionConfigurationPlatforms) = preSolution
		Debug|Any CPU = Debug|Any CPU
		Release|Any CPU = Release|Any CPU
	EndGlobalSection
	GlobalSection(ProjectConfigurationPlatforms) = postSolution
		{31EADAF9-A1F7-47FE-B77E-B10F22A37DAC}.Debug|Any CPU.ActiveCfg = Debug|Any CPU
		{31EADAF9-A1F7-47FE-B77E-B10F22A37DAC}.Debug|Any CPU.Build.0 = Debug|Any CPU
		{31EADAF9-A1F7-47FE-B77E-B10F22A37DAC}.Release|Any CPU.ActiveCfg = Release|Any CPU
		{31EADAF9-A1F7-47FE-B77E-B10F22A37DAC}.Release|Any CPU.Build.0 = Release|Any CPU
	EndGlobalSection
	GlobalSection(SolutionProperties) = preSolution
		HideSolutionNode = FALSE
	EndGlobalSection
	GlobalSection(ExtensibilityGlobals) = postSolution
		SolutionGuid = {C5D3B615-8B9B-4A33-A262-83F07EF98199}
	EndGlobalSection
EndGlobal
